// !$*UTF8*$!
{
	archiveVersion = 1;
	classes = {
	};
	objectVersion = 56;
	objects = {

/* Begin PBXBuildFile section */
		F37D940429C6EBF10055BCF4 /* WorkoutBuddyApp.swift in Sources */ = {isa = PBXBuildFile; fileRef = F37D940329C6EBF10055BCF4 /* WorkoutBuddyApp.swift */; };
		F37D940629C6EBF10055BCF4 /* ContentView.swift in Sources */ = {isa = PBXBuildFile; fileRef = F37D940529C6EBF10055BCF4 /* ContentView.swift */; };
		F37D940829C6EBF20055BCF4 /* Assets.xcassets in Resources */ = {isa = PBXBuildFile; fileRef = F37D940729C6EBF20055BCF4 /* Assets.xcassets */; };
		F37D940B29C6EBF20055BCF4 /* Preview Assets.xcassets in Resources */ = {isa = PBXBuildFile; fileRef = F37D940A29C6EBF20055BCF4 /* Preview Assets.xcassets */; };
		F37D941529C6ECAC0055BCF4 /* HomeView.swift in Sources */ = {isa = PBXBuildFile; fileRef = F37D941429C6ECAC0055BCF4 /* HomeView.swift */; };
		F37D941929CC019C0055BCF4 /* MainTabView.swift in Sources */ = {isa = PBXBuildFile; fileRef = F37D941829CC019C0055BCF4 /* MainTabView.swift */; };
		F37D941B29CC02E00055BCF4 /* CaloriesView.swift in Sources */ = {isa = PBXBuildFile; fileRef = F37D941A29CC02E00055BCF4 /* CaloriesView.swift */; };
		F37D941D29CC05A50055BCF4 /* Meals.swift in Sources */ = {isa = PBXBuildFile; fileRef = F37D941C29CC05A50055BCF4 /* Meals.swift */; };
		F37D941F29CC06120055BCF4 /* DataModel.swift in Sources */ = {isa = PBXBuildFile; fileRef = F37D941E29CC06120055BCF4 /* DataModel.swift */; };
		F37D942129CC1A760055BCF4 /* CaloriesRowView.swift in Sources */ = {isa = PBXBuildFile; fileRef = F37D942029CC1A760055BCF4 /* CaloriesRowView.swift */; };
		F37D942329CC20120055BCF4 /* MealFormView.swift in Sources */ = {isa = PBXBuildFile; fileRef = F37D942229CC20120055BCF4 /* MealFormView.swift */; };
/* End PBXBuildFile section */

/* Begin PBXFileReference section */
		F37D940029C6EBF10055BCF4 /* WorkoutBuddy.app */ = {isa = PBXFileReference; explicitFileType = wrapper.application; includeInIndex = 0; path = WorkoutBuddy.app; sourceTree = BUILT_PRODUCTS_DIR; };
		F37D940329C6EBF10055BCF4 /* WorkoutBuddyApp.swift */ = {isa = PBXFileReference; lastKnownFileType = sourcecode.swift; path = WorkoutBuddyApp.swift; sourceTree = "<group>"; };
		F37D940529C6EBF10055BCF4 /* ContentView.swift */ = {isa = PBXFileReference; lastKnownFileType = sourcecode.swift; path = ContentView.swift; sourceTree = "<group>"; };
		F37D940729C6EBF20055BCF4 /* Assets.xcassets */ = {isa = PBXFileReference; lastKnownFileType = folder.assetcatalog; path = Assets.xcassets; sourceTree = "<group>"; };
		F37D940A29C6EBF20055BCF4 /* Preview Assets.xcassets */ = {isa = PBXFileReference; lastKnownFileType = folder.assetcatalog; path = "Preview Assets.xcassets"; sourceTree = "<group>"; };
		F37D941429C6ECAC0055BCF4 /* HomeView.swift */ = {isa = PBXFileReference; lastKnownFileType = sourcecode.swift; path = HomeView.swift; sourceTree = "<group>"; };
		F37D941829CC019C0055BCF4 /* MainTabView.swift */ = {isa = PBXFileReference; lastKnownFileType = sourcecode.swift; path = MainTabView.swift; sourceTree = "<group>"; };
		F37D941A29CC02E00055BCF4 /* CaloriesView.swift */ = {isa = PBXFileReference; lastKnownFileType = sourcecode.swift; path = CaloriesView.swift; sourceTree = "<group>"; };
		F37D941C29CC05A50055BCF4 /* Meals.swift */ = {isa = PBXFileReference; lastKnownFileType = sourcecode.swift; path = Meals.swift; sourceTree = "<group>"; };
		F37D941E29CC06120055BCF4 /* DataModel.swift */ = {isa = PBXFileReference; lastKnownFileType = sourcecode.swift; path = DataModel.swift; sourceTree = "<group>"; };
		F37D942029CC1A760055BCF4 /* CaloriesRowView.swift */ = {isa = PBXFileReference; lastKnownFileType = sourcecode.swift; path = CaloriesRowView.swift; sourceTree = "<group>"; };
		F37D942229CC20120055BCF4 /* MealFormView.swift */ = {isa = PBXFileReference; lastKnownFileType = sourcecode.swift; path = MealFormView.swift; sourceTree = "<group>"; };
/* End PBXFileReference section */

/* Begin PBXFrameworksBuildPhase section */
		F37D93FD29C6EBF10055BCF4 /* Frameworks */ = {
			isa = PBXFrameworksBuildPhase;
			buildActionMask = 2147483647;
			files = (
			);
			runOnlyForDeploymentPostprocessing = 0;
		};
/* End PBXFrameworksBuildPhase section */

/* Begin PBXGroup section */
		F37D93F729C6EBF10055BCF4 = {
			isa = PBXGroup;
			children = (
				F37D940229C6EBF10055BCF4 /* WorkoutBuddy */,
				F37D940129C6EBF10055BCF4 /* Products */,
			);
			sourceTree = "<group>";
		};
		F37D940129C6EBF10055BCF4 /* Products */ = {
			isa = PBXGroup;
			children = (
				F37D940029C6EBF10055BCF4 /* WorkoutBuddy.app */,
			);
			name = Products;
			sourceTree = "<group>";
		};
		F37D940229C6EBF10055BCF4 /* WorkoutBuddy */ = {
			isa = PBXGroup;
			children = (
				F37D941329C6EC970055BCF4 /* ViewModel */,
				F37D941229C6EC910055BCF4 /* Model */,
				F37D941129C6EC8B0055BCF4 /* View */,
				F37D940329C6EBF10055BCF4 /* WorkoutBuddyApp.swift */,
				F37D940729C6EBF20055BCF4 /* Assets.xcassets */,
				F37D940929C6EBF20055BCF4 /* Preview Content */,
			);
			path = WorkoutBuddy;
			sourceTree = "<group>";
		};
		F37D940929C6EBF20055BCF4 /* Preview Content */ = {
			isa = PBXGroup;
			children = (
				F37D940A29C6EBF20055BCF4 /* Preview Assets.xcassets */,
			);
			path = "Preview Content";
			sourceTree = "<group>";
		};
		F37D941129C6EC8B0055BCF4 /* View */ = {
			isa = PBXGroup;
			children = (
				F37D940529C6EBF10055BCF4 /* ContentView.swift */,
				F37D941429C6ECAC0055BCF4 /* HomeView.swift */,
				F37D941829CC019C0055BCF4 /* MainTabView.swift */,
				F37D941A29CC02E00055BCF4 /* CaloriesView.swift */,
				F37D942029CC1A760055BCF4 /* CaloriesRowView.swift */,
				F37D942229CC20120055BCF4 /* MealFormView.swift */,
			);
			path = View;
			sourceTree = "<group>";
		};
		F37D941229C6EC910055BCF4 /* Model */ = {
			isa = PBXGroup;
			children = (
				F37D941C29CC05A50055BCF4 /* Meals.swift */,
			);
			path = Model;
			sourceTree = "<group>";
		};
		F37D941329C6EC970055BCF4 /* ViewModel */ = {
			isa = PBXGroup;
			children = (
				F37D941E29CC06120055BCF4 /* DataModel.swift */,
			);
			path = ViewModel;
			sourceTree = "<group>";
		};
/* End PBXGroup section */

/* Begin PBXNativeTarget section */
		F37D93FF29C6EBF10055BCF4 /* WorkoutBuddy */ = {
			isa = PBXNativeTarget;
			buildConfigurationList = F37D940E29C6EBF20055BCF4 /* Build configuration list for PBXNativeTarget "WorkoutBuddy" */;
			buildPhases = (
				F37D93FC29C6EBF10055BCF4 /* Sources */,
				F37D93FD29C6EBF10055BCF4 /* Frameworks */,
				F37D93FE29C6EBF10055BCF4 /* Resources */,
			);
			buildRules = (
			);
			dependencies = (
			);
			name = WorkoutBuddy;
			productName = WorkoutBuddy;
			productReference = F37D940029C6EBF10055BCF4 /* WorkoutBuddy.app */;
			productType = "com.apple.product-type.application";
		};
/* End PBXNativeTarget section */

/* Begin PBXProject section */
		F37D93F829C6EBF10055BCF4 /* Project object */ = {
			isa = PBXProject;
			attributes = {
				BuildIndependentTargetsInParallel = 1;
				LastSwiftUpdateCheck = 1420;
				LastUpgradeCheck = 1420;
				TargetAttributes = {
					F37D93FF29C6EBF10055BCF4 = {
						CreatedOnToolsVersion = 14.2;
					};
				};
			};
			buildConfigurationList = F37D93FB29C6EBF10055BCF4 /* Build configuration list for PBXProject "WorkoutBuddy" */;
			compatibilityVersion = "Xcode 14.0";
			developmentRegion = en;
			hasScannedForEncodings = 0;
			knownRegions = (
				en,
				Base,
			);
			mainGroup = F37D93F729C6EBF10055BCF4;
			productRefGroup = F37D940129C6EBF10055BCF4 /* Products */;
			projectDirPath = "";
			projectRoot = "";
			targets = (
				F37D93FF29C6EBF10055BCF4 /* WorkoutBuddy */,
			);
		};
/* End PBXProject section */

/* Begin PBXResourcesBuildPhase section */
		F37D93FE29C6EBF10055BCF4 /* Resources */ = {
			isa = PBXResourcesBuildPhase;
			buildActionMask = 2147483647;
			files = (
				F37D940B29C6EBF20055BCF4 /* Preview Assets.xcassets in Resources */,
				F37D940829C6EBF20055BCF4 /* Assets.xcassets in Resources */,
			);
			runOnlyForDeploymentPostprocessing = 0;
		};
/* End PBXResourcesBuildPhase section */

/* Begin PBXSourcesBuildPhase section */
		F37D93FC29C6EBF10055BCF4 /* Sources */ = {
			isa = PBXSourcesBuildPhase;
			buildActionMask = 2147483647;
			files = (
				F37D941F29CC06120055BCF4 /* DataModel.swift in Sources */,
				F37D941D29CC05A50055BCF4 /* Meals.swift in Sources */,
				F37D942329CC20120055BCF4 /* MealFormView.swift in Sources */,
				F37D941B29CC02E00055BCF4 /* CaloriesView.swift in Sources */,
				F37D941529C6ECAC0055BCF4 /* HomeView.swift in Sources */,
				F37D940629C6EBF10055BCF4 /* ContentView.swift in Sources */,
				F37D942129CC1A760055BCF4 /* CaloriesRowView.swift in Sources */,
				F37D940429C6EBF10055BCF4 /* WorkoutBuddyApp.swift in Sources */,
				F37D941929CC019C0055BCF4 /* MainTabView.swift in Sources */,
			);
			runOnlyForDeploymentPostprocessing = 0;
		};
/* End PBXSourcesBuildPhase section */

/* Begin XCBuildConfiguration section */
		F37D940C29C6EBF20055BCF4 /* Debug */ = {
			isa = XCBuildConfiguration;
			buildSettings = {
				ALWAYS_SEARCH_USER_PATHS = NO;
				CLANG_ANALYZER_NONNULL = YES;
				CLANG_ANALYZER_NUMBER_OBJECT_CONVERSION = YES_AGGRESSIVE;
				CLANG_CXX_LANGUAGE_STANDARD = "gnu++20";
				CLANG_ENABLE_MODULES = YES;
				CLANG_ENABLE_OBJC_ARC = YES;
				CLANG_ENABLE_OBJC_WEAK = YES;
				CLANG_WARN_BLOCK_CAPTURE_AUTORELEASING = YES;
				CLANG_WARN_BOOL_CONVERSION = YES;
				CLANG_WARN_COMMA = YES;
				CLANG_WARN_CONSTANT_CONVERSION = YES;
				CLANG_WARN_DEPRECATED_OBJC_IMPLEMENTATIONS = YES;
				CLANG_WARN_DIRECT_OBJC_ISA_USAGE = YES_ERROR;
				CLANG_WARN_DOCUMENTATION_COMMENTS = YES;
				CLANG_WARN_EMPTY_BODY = YES;
				CLANG_WARN_ENUM_CONVERSION = YES;
				CLANG_WARN_INFINITE_RECURSION = YES;
				CLANG_WARN_INT_CONVERSION = YES;
				CLANG_WARN_NON_LITERAL_NULL_CONVERSION = YES;
				CLANG_WARN_OBJC_IMPLICIT_RETAIN_SELF = YES;
				CLANG_WARN_OBJC_LITERAL_CONVERSION = YES;
				CLANG_WARN_OBJC_ROOT_CLASS = YES_ERROR;
				CLANG_WARN_QUOTED_INCLUDE_IN_FRAMEWORK_HEADER = YES;
				CLANG_WARN_RANGE_LOOP_ANALYSIS = YES;
				CLANG_WARN_STRICT_PROTOTYPES = YES;
				CLANG_WARN_SUSPICIOUS_MOVE = YES;
				CLANG_WARN_UNGUARDED_AVAILABILITY = YES_AGGRESSIVE;
				CLANG_WARN_UNREACHABLE_CODE = YES;
				CLANG_WARN__DUPLICATE_METHOD_MATCH = YES;
				COPY_PHASE_STRIP = NO;
				DEBUG_INFORMATION_FORMAT = dwarf;
				ENABLE_STRICT_OBJC_MSGSEND = YES;
				ENABLE_TESTABILITY = YES;
				GCC_C_LANGUAGE_STANDARD = gnu11;
				GCC_DYNAMIC_NO_PIC = NO;
				GCC_NO_COMMON_BLOCKS = YES;
				GCC_OPTIMIZATION_LEVEL = 0;
				GCC_PREPROCESSOR_DEFINITIONS = (
					"DEBUG=1",
					"$(inherited)",
				);
				GCC_WARN_64_TO_32_BIT_CONVERSION = YES;
				GCC_WARN_ABOUT_RETURN_TYPE = YES_ERROR;
				GCC_WARN_UNDECLARED_SELECTOR = YES;
				GCC_WARN_UNINITIALIZED_AUTOS = YES_AGGRESSIVE;
				GCC_WARN_UNUSED_FUNCTION = YES;
				GCC_WARN_UNUSED_VARIABLE = YES;
				IPHONEOS_DEPLOYMENT_TARGET = 16.2;
				MTL_ENABLE_DEBUG_INFO = INCLUDE_SOURCE;
				MTL_FAST_MATH = YES;
				ONLY_ACTIVE_ARCH = YES;
				SDKROOT = iphoneos;
				SWIFT_ACTIVE_COMPILATION_CONDITIONS = DEBUG;
				SWIFT_OPTIMIZATION_LEVEL = "-Onone";
			};
			name = Debug;
		};
		F37D940D29C6EBF20055BCF4 /* Release */ = {
			isa = XCBuildConfiguration;
			buildSettings = {
				ALWAYS_SEARCH_USER_PATHS = NO;
				CLANG_ANALYZER_NONNULL = YES;
				CLANG_ANALYZER_NUMBER_OBJECT_CONVERSION = YES_AGGRESSIVE;
				CLANG_CXX_LANGUAGE_STANDARD = "gnu++20";
				CLANG_ENABLE_MODULES = YES;
				CLANG_ENABLE_OBJC_ARC = YES;
				CLANG_ENABLE_OBJC_WEAK = YES;
				CLANG_WARN_BLOCK_CAPTURE_AUTORELEASING = YES;
				CLANG_WARN_BOOL_CONVERSION = YES;
				CLANG_WARN_COMMA = YES;
				CLANG_WARN_CONSTANT_CONVERSION = YES;
				CLANG_WARN_DEPRECATED_OBJC_IMPLEMENTATIONS = YES;
				CLANG_WARN_DIRECT_OBJC_ISA_USAGE = YES_ERROR;
				CLANG_WARN_DOCUMENTATION_COMMENTS = YES;
				CLANG_WARN_EMPTY_BODY = YES;
				CLANG_WARN_ENUM_CONVERSION = YES;
				CLANG_WARN_INFINITE_RECURSION = YES;
				CLANG_WARN_INT_CONVERSION = YES;
				CLANG_WARN_NON_LITERAL_NULL_CONVERSION = YES;
				CLANG_WARN_OBJC_IMPLICIT_RETAIN_SELF = YES;
				CLANG_WARN_OBJC_LITERAL_CONVERSION = YES;
				CLANG_WARN_OBJC_ROOT_CLASS = YES_ERROR;
				CLANG_WARN_QUOTED_INCLUDE_IN_FRAMEWORK_HEADER = YES;
				CLANG_WARN_RANGE_LOOP_ANALYSIS = YES;
				CLANG_WARN_STRICT_PROTOTYPES = YES;
				CLANG_WARN_SUSPICIOUS_MOVE = YES;
				CLANG_WARN_UNGUARDED_AVAILABILITY = YES_AGGRESSIVE;
				CLANG_WARN_UNREACHABLE_CODE = YES;
				CLANG_WARN__DUPLICATE_METHOD_MATCH = YES;
				COPY_PHASE_STRIP = NO;
				DEBUG_INFORMATION_FORMAT = "dwarf-with-dsym";
				ENABLE_NS_ASSERTIONS = NO;
				ENABLE_STRICT_OBJC_MSGSEND = YES;
				GCC_C_LANGUAGE_STANDARD = gnu11;
				GCC_NO_COMMON_BLOCKS = YES;
				GCC_WARN_64_TO_32_BIT_CONVERSION = YES;
				GCC_WARN_ABOUT_RETURN_TYPE = YES_ERROR;
				GCC_WARN_UNDECLARED_SELECTOR = YES;
				GCC_WARN_UNINITIALIZED_AUTOS = YES_AGGRESSIVE;
				GCC_WARN_UNUSED_FUNCTION = YES;
				GCC_WARN_UNUSED_VARIABLE = YES;
				IPHONEOS_DEPLOYMENT_TARGET = 16.2;
				MTL_ENABLE_DEBUG_INFO = NO;
				MTL_FAST_MATH = YES;
				SDKROOT = iphoneos;
				SWIFT_COMPILATION_MODE = wholemodule;
				SWIFT_OPTIMIZATION_LEVEL = "-O";
				VALIDATE_PRODUCT = YES;
			};
			name = Release;
		};
		F37D940F29C6EBF20055BCF4 /* Debug */ = {
			isa = XCBuildConfiguration;
			buildSettings = {
				ASSETCATALOG_COMPILER_APPICON_NAME = AppIcon;
				ASSETCATALOG_COMPILER_GLOBAL_ACCENT_COLOR_NAME = AccentColor;
				CODE_SIGN_STYLE = Automatic;
				CURRENT_PROJECT_VERSION = 1;
				DEVELOPMENT_ASSET_PATHS = "\"WorkoutBuddy/Preview Content\"";
				DEVELOPMENT_TEAM = QG3YZK6HZG;
				ENABLE_PREVIEWS = YES;
				GENERATE_INFOPLIST_FILE = YES;
				INFOPLIST_KEY_UIApplicationSceneManifest_Generation = YES;
				INFOPLIST_KEY_UIApplicationSupportsIndirectInputEvents = YES;
				INFOPLIST_KEY_UILaunchScreen_Generation = YES;
				INFOPLIST_KEY_UISupportedInterfaceOrientations_iPad = "UIInterfaceOrientationPortrait UIInterfaceOrientationPortraitUpsideDown UIInterfaceOrientationLandscapeLeft UIInterfaceOrientationLandscapeRight";
				INFOPLIST_KEY_UISupportedInterfaceOrientations_iPhone = "UIInterfaceOrientationPortrait UIInterfaceOrientationLandscapeLeft UIInterfaceOrientationLandscapeRight";
				LD_RUNPATH_SEARCH_PATHS = (
					"$(inherited)",
					"@executable_path/Frameworks",
				);
				MARKETING_VERSION = 1.0;
				PRODUCT_BUNDLE_IDENTIFIER = me.Thomas.Howard.WorkoutBuddy;
				PRODUCT_NAME = "$(TARGET_NAME)";
				SWIFT_EMIT_LOC_STRINGS = YES;
				SWIFT_VERSION = 5.0;
				TARGETED_DEVICE_FAMILY = "1,2";
			};
			name = Debug;
		};
		F37D941029C6EBF20055BCF4 /* Release */ = {
			isa = XCBuildConfiguration;
			buildSettings = {
				ASSETCATALOG_COMPILER_APPICON_NAME = AppIcon;
				ASSETCATALOG_COMPILER_GLOBAL_ACCENT_COLOR_NAME = AccentColor;
				CODE_SIGN_STYLE = Automatic;
				CURRENT_PROJECT_VERSION = 1;
				DEVELOPMENT_ASSET_PATHS = "\"WorkoutBuddy/Preview Content\"";
				DEVELOPMENT_TEAM = QG3YZK6HZG;
				ENABLE_PREVIEWS = YES;
				GENERATE_INFOPLIST_FILE = YES;
				INFOPLIST_KEY_UIApplicationSceneManifest_Generation = YES;
				INFOPLIST_KEY_UIApplicationSupportsIndirectInputEvents = YES;
				INFOPLIST_KEY_UILaunchScreen_Generation = YES;
				INFOPLIST_KEY_UISupportedInterfaceOrientations_iPad = "UIInterfaceOrientationPortrait UIInterfaceOrientationPortraitUpsideDown UIInterfaceOrientationLandscapeLeft UIInterfaceOrientationLandscapeRight";
				INFOPLIST_KEY_UISupportedInterfaceOrientations_iPhone = "UIInterfaceOrientationPortrait UIInterfaceOrientationLandscapeLeft UIInterfaceOrientationLandscapeRight";
				LD_RUNPATH_SEARCH_PATHS = (
					"$(inherited)",
					"@executable_path/Frameworks",
				);
				MARKETING_VERSION = 1.0;
				PRODUCT_BUNDLE_IDENTIFIER = me.Thomas.Howard.WorkoutBuddy;
				PRODUCT_NAME = "$(TARGET_NAME)";
				SWIFT_EMIT_LOC_STRINGS = YES;
				SWIFT_VERSION = 5.0;
				TARGETED_DEVICE_FAMILY = "1,2";
			};
			name = Release;
		};
/* End XCBuildConfiguration section */

/* Begin XCConfigurationList section */
		F37D93FB29C6EBF10055BCF4 /* Build configuration list for PBXProject "WorkoutBuddy" */ = {
			isa = XCConfigurationList;
			buildConfigurations = (
				F37D940C29C6EBF20055BCF4 /* Debug */,
				F37D940D29C6EBF20055BCF4 /* Release */,
			);
			defaultConfigurationIsVisible = 0;
			defaultConfigurationName = Release;
		};
		F37D940E29C6EBF20055BCF4 /* Build configuration list for PBXNativeTarget "WorkoutBuddy" */ = {
			isa = XCConfigurationList;
			buildConfigurations = (
				F37D940F29C6EBF20055BCF4 /* Debug */,
				F37D941029C6EBF20055BCF4 /* Release */,
			);
			defaultConfigurationIsVisible = 0;
			defaultConfigurationName = Release;
		};
/* End XCConfigurationList section */
	};
	rootObject = F37D93F829C6EBF10055BCF4 /* Project object */;
}
